
Microsoft Visual Studio Solution File, Format Version 12.00
# Visual Studio Version 16
VisualStudioVersion = 16.0.29519.87
MinimumVisualStudioVersion = 10.0.40219.1
Project("{9A19103F-16F7-4668-BE54-9A1E7A4F7556}") = "BlackjackAPI", "src\BlackjackAPI\BlackjackAPI.csproj", "{DF6C8650-F45B-4F81-8B6B-B374FB3F5A5F}"
EndProject
Project("{9A19103F-16F7-4668-BE54-9A1E7A4F7556}") = "CardCountingTests", "tests\CardCountingTests\CardCountingTests.csproj", "{EE0379EE-442A-46F4-92A2-C1E6F98F01B4}"
EndProject
Project("{2150E333-8FDC-42A3-9474-1A3956D46DE8}") = "Solution Items", "Solution Items", "{DFFA74A7-B28E-43E8-B43C-8072237DB8E9}"
	ProjectSection(SolutionItems) = preProject
		.dockerignore = .dockerignore
		.gitignore = .gitignore
		Dockerfile = Dockerfile
	EndProjectSection
EndProject
Project("{9A19103F-16F7-4668-BE54-9A1E7A4F7556}") = "Core", "Core\Core.csproj", "{E058F04B-1C4D-419C-8DBB-6FE5783FBEAF}"
EndProject
Project("{2150E333-8FDC-42A3-9474-1A3956D46DE8}") = "tests", "tests", "{A286FA03-CBD2-4304-A99D-2A1503D45E9A}"
EndProject
Project("{9A19103F-16F7-4668-BE54-9A1E7A4F7556}") = "FileSave", "FileSave\FileSave.csproj", "{A20E2181-511C-4201-9162-25D48F2B3AF1}"
EndProject
Project("{9A19103F-16F7-4668-BE54-9A1E7A4F7556}") = "Strategies", "Strategies\Strategies.csproj", "{C00E1842-C408-4A7B-B58C-6539FD581E71}"
EndProject
Project("{9A19103F-16F7-4668-BE54-9A1E7A4F7556}") = "Logging", "Logging\Logging.csproj", "{92B7060D-97E5-45F3-B85B-41A683254DA2}"
EndProject
Project("{9A19103F-16F7-4668-BE54-9A1E7A4F7556}") = "DbDataSource", "DbDataSource\DbDataSource.csproj", "{89EAE83D-66F1-4DCC-9930-187BC0206065}"
EndProject
Project("{FAE04EC0-301F-11D3-BF4B-00C04F79EFBC}") = "StrategyTests", "StrategyTests\StrategyTests.csproj", "{B92664EB-3621-404E-9DA5-AE80CDD1BED6}"
EndProject
Global
	GlobalSection(SolutionConfigurationPlatforms) = preSolution
		Debug|Any CPU = Debug|Any CPU
		Release|Any CPU = Release|Any CPU
	EndGlobalSection
	GlobalSection(ProjectConfigurationPlatforms) = postSolution
		{DF6C8650-F45B-4F81-8B6B-B374FB3F5A5F}.Debug|Any CPU.ActiveCfg = Debug|Any CPU
		{DF6C8650-F45B-4F81-8B6B-B374FB3F5A5F}.Debug|Any CPU.Build.0 = Debug|Any CPU
		{DF6C8650-F45B-4F81-8B6B-B374FB3F5A5F}.Release|Any CPU.ActiveCfg = Release|Any CPU
		{DF6C8650-F45B-4F81-8B6B-B374FB3F5A5F}.Release|Any CPU.Build.0 = Release|Any CPU
		{EE0379EE-442A-46F4-92A2-C1E6F98F01B4}.Debug|Any CPU.ActiveCfg = Debug|Any CPU
		{EE0379EE-442A-46F4-92A2-C1E6F98F01B4}.Debug|Any CPU.Build.0 = Debug|Any CPU
		{EE0379EE-442A-46F4-92A2-C1E6F98F01B4}.Release|Any CPU.ActiveCfg = Release|Any CPU
		{EE0379EE-442A-46F4-92A2-C1E6F98F01B4}.Release|Any CPU.Build.0 = Release|Any CPU
		{E058F04B-1C4D-419C-8DBB-6FE5783FBEAF}.Debug|Any CPU.ActiveCfg = Debug|Any CPU
		{E058F04B-1C4D-419C-8DBB-6FE5783FBEAF}.Debug|Any CPU.Build.0 = Debug|Any CPU
		{E058F04B-1C4D-419C-8DBB-6FE5783FBEAF}.Release|Any CPU.ActiveCfg = Release|Any CPU
		{E058F04B-1C4D-419C-8DBB-6FE5783FBEAF}.Release|Any CPU.Build.0 = Release|Any CPU
		{A20E2181-511C-4201-9162-25D48F2B3AF1}.Debug|Any CPU.ActiveCfg = Debug|Any CPU
		{A20E2181-511C-4201-9162-25D48F2B3AF1}.Debug|Any CPU.Build.0 = Debug|Any CPU
		{A20E2181-511C-4201-9162-25D48F2B3AF1}.Release|Any CPU.ActiveCfg = Release|Any CPU
		{A20E2181-511C-4201-9162-25D48F2B3AF1}.Release|Any CPU.Build.0 = Release|Any CPU
		{C00E1842-C408-4A7B-B58C-6539FD581E71}.Debug|Any CPU.ActiveCfg = Debug|Any CPU
		{C00E1842-C408-4A7B-B58C-6539FD581E71}.Debug|Any CPU.Build.0 = Debug|Any CPU
		{C00E1842-C408-4A7B-B58C-6539FD581E71}.Release|Any CPU.ActiveCfg = Release|Any CPU
		{C00E1842-C408-4A7B-B58C-6539FD581E71}.Release|Any CPU.Build.0 = Release|Any CPU
		{92B7060D-97E5-45F3-B85B-41A683254DA2}.Debug|Any CPU.ActiveCfg = Debug|Any CPU
		{92B7060D-97E5-45F3-B85B-41A683254DA2}.Debug|Any CPU.Build.0 = Debug|Any CPU
		{92B7060D-97E5-45F3-B85B-41A683254DA2}.Release|Any CPU.ActiveCfg = Release|Any CPU
		{92B7060D-97E5-45F3-B85B-41A683254DA2}.Release|Any CPU.Build.0 = Release|Any CPU
		{89EAE83D-66F1-4DCC-9930-187BC0206065}.Debug|Any CPU.ActiveCfg = Debug|Any CPU
		{89EAE83D-66F1-4DCC-9930-187BC0206065}.Debug|Any CPU.Build.0 = Debug|Any CPU
		{89EAE83D-66F1-4DCC-9930-187BC0206065}.Release|Any CPU.ActiveCfg = Release|Any CPU
		{89EAE83D-66F1-4DCC-9930-187BC0206065}.Release|Any CPU.Build.0 = Release|Any CPU
		{B92664EB-3621-404E-9DA5-AE80CDD1BED6}.Debug|Any CPU.ActiveCfg = Debug|Any CPU
		{B92664EB-3621-404E-9DA5-AE80CDD1BED6}.Debug|Any CPU.Build.0 = Debug|Any CPU
		{B92664EB-3621-404E-9DA5-AE80CDD1BED6}.Release|Any CPU.ActiveCfg = Release|Any CPU
		{B92664EB-3621-404E-9DA5-AE80CDD1BED6}.Release|Any CPU.Build.0 = Release|Any CPU
	EndGlobalSection
	GlobalSection(SolutionProperties) = preSolution
		HideSolutionNode = FALSE
	EndGlobalSection
	GlobalSection(NestedProjects) = preSolution
		{EE0379EE-442A-46F4-92A2-C1E6F98F01B4} = {A286FA03-CBD2-4304-A99D-2A1503D45E9A}
	EndGlobalSection
	GlobalSection(ExtensibilityGlobals) = postSolution
		SolutionGuid = {1DBA4876-A0DB-4A06-8019-84DE9A8630C3}
	EndGlobalSection
EndGlobal
